
Microsoft Visual Studio Solution File, Format Version 12.00
Project("{FAE04EC0-301F-11D3-BF4B-00C04F79EFBC}") = "ISP", "ISP\ISP.csproj", "{75F97A72-AA17-4735-8500-0476F48AD057}"
EndProject
Project("{FAE04EC0-301F-11D3-BF4B-00C04F79EFBC}") = "ISP.Tests", "ISP.Tests\ISP.Tests.csproj", "{7E390787-F1C9-46EB-8B39-91E9EF0208AE}"
EndProject
Global
	GlobalSection(SolutionConfigurationPlatforms) = preSolution
		Debug|Any CPU = Debug|Any CPU
		Release|Any CPU = Release|Any CPU
	EndGlobalSection
	GlobalSection(ProjectConfigurationPlatforms) = postSolution
		{75F97A72-AA17-4735-8500-0476F48AD057}.Debug|Any CPU.ActiveCfg = Debug|Any CPU
		{75F97A72-AA17-4735-8500-0476F48AD057}.Debug|Any CPU.Build.0 = Debug|Any CPU
		{75F97A72-AA17-4735-8500-0476F48AD057}.Release|Any CPU.ActiveCfg = Release|Any CPU
		{75F97A72-AA17-4735-8500-0476F48AD057}.Release|Any CPU.Build.0 = Release|Any CPU
		{7E390787-F1C9-46EB-8B39-91E9EF0208AE}.Debug|Any CPU.ActiveCfg = Debug|Any CPU
		{7E390787-F1C9-46EB-8B39-91E9EF0208AE}.Debug|Any CPU.Build.0 = Debug|Any CPU
		{7E390787-F1C9-46EB-8B39-91E9EF0208AE}.Release|Any CPU.ActiveCfg = Release|Any CPU
		{7E390787-F1C9-46EB-8B39-91E9EF0208AE}.Release|Any CPU.Build.0 = Release|Any CPU
	EndGlobalSection
EndGlobal
